
Microsoft Visual Studio Solution File, Format Version 12.00
# Visual Studio 2013
VisualStudioVersion = 12.0.21005.1
MinimumVisualStudioVersion = 10.0.40219.1
Project("{FAE04EC0-301F-11D3-BF4B-00C04F79EFBC}") = "WindowsFormsApplication1", "WindowsFormsApplication1\WindowsFormsApplication1.csproj", "{9687462D-B056-4242-8FA9-EEBBA6BF2859}"
EndProject
Project("{FAE04EC0-301F-11D3-BF4B-00C04F79EFBC}") = "NumbericTextBox", "NumbericTextBox\NumbericTextBox.csproj", "{0896A5EC-7FC0-4974-B68A-29F6EED0E8BD}"
EndProject
Project("{FAE04EC0-301F-11D3-BF4B-00C04F79EFBC}") = "UpperTextBox", "UpperTextBox\UpperTextBox.csproj", "{17CE1BC3-2D16-46AF-8D82-7ED5D6E9DD8D}"
EndProject
Project("{FAE04EC0-301F-11D3-BF4B-00C04F79EFBC}") = "EmailTextBox", "EmailTextBox\EmailTextBox.csproj", "{BE335E4F-EA15-4AB7-996B-253287D7E99A}"
EndProject
Global
	GlobalSection(SolutionConfigurationPlatforms) = preSolution
		Debug|Any CPU = Debug|Any CPU
		Release|Any CPU = Release|Any CPU
	EndGlobalSection
	GlobalSection(ProjectConfigurationPlatforms) = postSolution
		{9687462D-B056-4242-8FA9-EEBBA6BF2859}.Debug|Any CPU.ActiveCfg = Debug|Any CPU
		{9687462D-B056-4242-8FA9-EEBBA6BF2859}.Debug|Any CPU.Build.0 = Debug|Any CPU
		{9687462D-B056-4242-8FA9-EEBBA6BF2859}.Release|Any CPU.ActiveCfg = Release|Any CPU
		{9687462D-B056-4242-8FA9-EEBBA6BF2859}.Release|Any CPU.Build.0 = Release|Any CPU
		{0896A5EC-7FC0-4974-B68A-29F6EED0E8BD}.Debug|Any CPU.ActiveCfg = Debug|Any CPU
		{0896A5EC-7FC0-4974-B68A-29F6EED0E8BD}.Debug|Any CPU.Build.0 = Debug|Any CPU
		{0896A5EC-7FC0-4974-B68A-29F6EED0E8BD}.Release|Any CPU.ActiveCfg = Release|Any CPU
		{0896A5EC-7FC0-4974-B68A-29F6EED0E8BD}.Release|Any CPU.Build.0 = Release|Any CPU
		{17CE1BC3-2D16-46AF-8D82-7ED5D6E9DD8D}.Debug|Any CPU.ActiveCfg = Debug|Any CPU
		{17CE1BC3-2D16-46AF-8D82-7ED5D6E9DD8D}.Debug|Any CPU.Build.0 = Debug|Any CPU
		{17CE1BC3-2D16-46AF-8D82-7ED5D6E9DD8D}.Release|Any CPU.ActiveCfg = Release|Any CPU
		{17CE1BC3-2D16-46AF-8D82-7ED5D6E9DD8D}.Release|Any CPU.Build.0 = Release|Any CPU
		{BE335E4F-EA15-4AB7-996B-253287D7E99A}.Debug|Any CPU.ActiveCfg = Debug|Any CPU
		{BE335E4F-EA15-4AB7-996B-253287D7E99A}.Debug|Any CPU.Build.0 = Debug|Any CPU
		{BE335E4F-EA15-4AB7-996B-253287D7E99A}.Release|Any CPU.ActiveCfg = Release|Any CPU
		{BE335E4F-EA15-4AB7-996B-253287D7E99A}.Release|Any CPU.Build.0 = Release|Any CPU
	EndGlobalSection
	GlobalSection(SolutionProperties) = preSolution
		HideSolutionNode = FALSE
	EndGlobalSection
EndGlobal
